// !$*UTF8*$!
{
	archiveVersion = 1;
	classes = {
	};
	objectVersion = 77;
	objects = {

/* Begin PBXBuildFile section */
		01B77C6A6771E734CC4B09B0 /* ProgressBarView.swift in Sources */ = {isa = PBXBuildFile; fileRef = BBED70CE377E174313833FE0 /* ProgressBarView.swift */; };
		143E40582B3F9215A84AED5A /* ContentView.swift in Sources */ = {isa = PBXBuildFile; fileRef = AD589A3568173F8E3F2453D2 /* ContentView.swift */; };
		1A759ECDFA315409010C61B9 /* MemoRowView.swift in Sources */ = {isa = PBXBuildFile; fileRef = D3342FEB038008583E0E4503 /* MemoRowView.swift */; };
		21917687CC2271DBDE7CD0C9 /* MemoEditView.swift in Sources */ = {isa = PBXBuildFile; fileRef = D4B34EE8801ED9010405A9A9 /* MemoEditView.swift */; };
		22B5F54134767EE68B91C072 /* MemoImage.swift in Sources */ = {isa = PBXBuildFile; fileRef = F0AE7443F757F2794E5D48AB /* MemoImage.swift */; };
		258C5355B5C52F2AFEE36A99 /* QualificationManagementView.swift in Sources */ = {isa = PBXBuildFile; fileRef = 3CFE559433171D1AA03997B3 /* QualificationManagementView.swift */; };
		28359393DEC694909A8A10F6 /* CountdownView.swift in Sources */ = {isa = PBXBuildFile; fileRef = B4E5B68AB6853B3F0D62E901 /* CountdownView.swift */; };
		2E26F41CA2B4FEFF32B279F0 /* DailyQuotaView.swift in Sources */ = {isa = PBXBuildFile; fileRef = 5404C4AD82109317F796EAA4 /* DailyQuotaView.swift */; };
		3F477E336DC1213A26DCF05D /* HeatmapView.swift in Sources */ = {isa = PBXBuildFile; fileRef = 74401E97C62534DACB7AD673 /* HeatmapView.swift */; };
		495CB4C7E5E53D9F4441D5BA /* MaterialEditView.swift in Sources */ = {isa = PBXBuildFile; fileRef = B628A606FD1510EF531572FC /* MaterialEditView.swift */; };
		6C7FCF7589604BAB92582AB0 /* Memo.swift in Sources */ = {isa = PBXBuildFile; fileRef = 10489C64EA1377EEC3D0833E /* Memo.swift */; };
		71C2C0EB5D75A04E827B8209 /* AppSettings.swift in Sources */ = {isa = PBXBuildFile; fileRef = 4405A9E7FF6C706CDD79E71B /* AppSettings.swift */; };
		71FD1D84342EEBA6F0AA46CA /* DailyStudyLogView.swift in Sources */ = {isa = PBXBuildFile; fileRef = 3583FFE79F2443D2C3B68486 /* DailyStudyLogView.swift */; };
		79DF45EC2C35282C1F0F2C6E /* Qualification.swift in Sources */ = {isa = PBXBuildFile; fileRef = A151098FC7BEB07A05F3220F /* Qualification.swift */; };
		805F8E734965864110754965 /* StreakView.swift in Sources */ = {isa = PBXBuildFile; fileRef = 3A829042FFCB7527C152116C /* StreakView.swift */; };
		917D462F542D8E7FAA3F9473 /* HomeView.swift in Sources */ = {isa = PBXBuildFile; fileRef = 6342E892EBE5BEB778A07EE4 /* HomeView.swift */; };
		91B1FAC35423447823DC97F6 /* HomeViewModel.swift in Sources */ = {isa = PBXBuildFile; fileRef = 8DF8182A8171176884646686 /* HomeViewModel.swift */; };
		9A35300114C1EB8298E8D8FC /* MaterialProgressView.swift in Sources */ = {isa = PBXBuildFile; fileRef = 3DE46420EF81B784117986E7 /* MaterialProgressView.swift */; };
		A358EE891AA781FB68DF0B30 /* Material.swift in Sources */ = {isa = PBXBuildFile; fileRef = 5092567AFDF3AB009FB81884 /* Material.swift */; };
		B2A53A575B4701E74896A2B4 /* StudyLog.swift in Sources */ = {isa = PBXBuildFile; fileRef = 40C52EBB3F0E81C12C1E8EC4 /* StudyLog.swift */; };
		B8F118CAF35FA8B7442A84B8 /* QualificationEditView.swift in Sources */ = {isa = PBXBuildFile; fileRef = AF684D90E17EA3F056137355 /* QualificationEditView.swift */; };
		C93649C4AA10EBDCBEB1FC93 /* MemoListView.swift in Sources */ = {isa = PBXBuildFile; fileRef = 1756A43501A45998F7207AC7 /* MemoListView.swift */; };
		CD10B25C8A7B59023774C557 /* StudyCalendarView.swift in Sources */ = {isa = PBXBuildFile; fileRef = 67F4600D4FF64E6E233DF3E9 /* StudyCalendarView.swift */; };
		D2D47FE492168B5BD5332232 /* TallyApp.swift in Sources */ = {isa = PBXBuildFile; fileRef = C459C89EA7705BE5561E7FB8 /* TallyApp.swift */; };
		D7EE5F4D73DF8AC3CA326A7A /* MainTabView.swift in Sources */ = {isa = PBXBuildFile; fileRef = A73FCE09AE18EE3B81AA586A /* MainTabView.swift */; };
		D9B4DE43DBD4440F48632E65 /* MemoViewModel.swift in Sources */ = {isa = PBXBuildFile; fileRef = 75C7B9C1D0C68186C501B898 /* MemoViewModel.swift */; };
		E116762372C91847185E6769 /* Assets.xcassets in Resources */ = {isa = PBXBuildFile; fileRef = D3A110C2438C4CC68E2AE17B /* Assets.xcassets */; };
		E45968EF030B04DBEF497749 /* AddStudyLogView.swift in Sources */ = {isa = PBXBuildFile; fileRef = 18E6A0A0DB0ABD8695E63EE0 /* AddStudyLogView.swift */; };
		F3F482C0B348B8EE683E9A9F /* QualificationViewModel.swift in Sources */ = {isa = PBXBuildFile; fileRef = C2E198B1697CA6C1851B4BAC /* QualificationViewModel.swift */; };
		FF6C3E328548A7270D83C745 /* SettingsView.swift in Sources */ = {isa = PBXBuildFile; fileRef = 0438430608549D75B2F651AE /* SettingsView.swift */; };
/* End PBXBuildFile section */

/* Begin PBXFileReference section */
		0438430608549D75B2F651AE /* SettingsView.swift */ = {isa = PBXFileReference; lastKnownFileType = sourcecode.swift; path = SettingsView.swift; sourceTree = "<group>"; };
		10489C64EA1377EEC3D0833E /* Memo.swift */ = {isa = PBXFileReference; lastKnownFileType = sourcecode.swift; path = Memo.swift; sourceTree = "<group>"; };
		1756A43501A45998F7207AC7 /* MemoListView.swift */ = {isa = PBXFileReference; lastKnownFileType = sourcecode.swift; path = MemoListView.swift; sourceTree = "<group>"; };
		18E6A0A0DB0ABD8695E63EE0 /* AddStudyLogView.swift */ = {isa = PBXFileReference; lastKnownFileType = sourcecode.swift; path = AddStudyLogView.swift; sourceTree = "<group>"; };
		1FBCC93C895D5DAAF35E7E33 /* Tally.entitlements */ = {isa = PBXFileReference; lastKnownFileType = text.plist.entitlements; path = Tally.entitlements; sourceTree = "<group>"; };
		3583FFE79F2443D2C3B68486 /* DailyStudyLogView.swift */ = {isa = PBXFileReference; lastKnownFileType = sourcecode.swift; path = DailyStudyLogView.swift; sourceTree = "<group>"; };
		3A829042FFCB7527C152116C /* StreakView.swift */ = {isa = PBXFileReference; lastKnownFileType = sourcecode.swift; path = StreakView.swift; sourceTree = "<group>"; };
		3CFE559433171D1AA03997B3 /* QualificationManagementView.swift */ = {isa = PBXFileReference; lastKnownFileType = sourcecode.swift; path = QualificationManagementView.swift; sourceTree = "<group>"; };
		3DE46420EF81B784117986E7 /* MaterialProgressView.swift */ = {isa = PBXFileReference; lastKnownFileType = sourcecode.swift; path = MaterialProgressView.swift; sourceTree = "<group>"; };
		40C52EBB3F0E81C12C1E8EC4 /* StudyLog.swift */ = {isa = PBXFileReference; lastKnownFileType = sourcecode.swift; path = StudyLog.swift; sourceTree = "<group>"; };
		4405A9E7FF6C706CDD79E71B /* AppSettings.swift */ = {isa = PBXFileReference; lastKnownFileType = sourcecode.swift; path = AppSettings.swift; sourceTree = "<group>"; };
		4DCF1A5BC6FA366C4B658D35 /* Tally.app */ = {isa = PBXFileReference; includeInIndex = 0; lastKnownFileType = wrapper.application; path = Tally.app; sourceTree = BUILT_PRODUCTS_DIR; };
		5092567AFDF3AB009FB81884 /* Material.swift */ = {isa = PBXFileReference; lastKnownFileType = sourcecode.swift; path = Material.swift; sourceTree = "<group>"; };
		5404C4AD82109317F796EAA4 /* DailyQuotaView.swift */ = {isa = PBXFileReference; lastKnownFileType = sourcecode.swift; path = DailyQuotaView.swift; sourceTree = "<group>"; };
		6342E892EBE5BEB778A07EE4 /* HomeView.swift */ = {isa = PBXFileReference; lastKnownFileType = sourcecode.swift; path = HomeView.swift; sourceTree = "<group>"; };
		67F4600D4FF64E6E233DF3E9 /* StudyCalendarView.swift */ = {isa = PBXFileReference; lastKnownFileType = sourcecode.swift; path = StudyCalendarView.swift; sourceTree = "<group>"; };
		74401E97C62534DACB7AD673 /* HeatmapView.swift */ = {isa = PBXFileReference; lastKnownFileType = sourcecode.swift; path = HeatmapView.swift; sourceTree = "<group>"; };
		75C7B9C1D0C68186C501B898 /* MemoViewModel.swift */ = {isa = PBXFileReference; lastKnownFileType = sourcecode.swift; path = MemoViewModel.swift; sourceTree = "<group>"; };
		8DF8182A8171176884646686 /* HomeViewModel.swift */ = {isa = PBXFileReference; lastKnownFileType = sourcecode.swift; path = HomeViewModel.swift; sourceTree = "<group>"; };
		A151098FC7BEB07A05F3220F /* Qualification.swift */ = {isa = PBXFileReference; lastKnownFileType = sourcecode.swift; path = Qualification.swift; sourceTree = "<group>"; };
		A73FCE09AE18EE3B81AA586A /* MainTabView.swift */ = {isa = PBXFileReference; lastKnownFileType = sourcecode.swift; path = MainTabView.swift; sourceTree = "<group>"; };
		AD589A3568173F8E3F2453D2 /* ContentView.swift */ = {isa = PBXFileReference; lastKnownFileType = sourcecode.swift; path = ContentView.swift; sourceTree = "<group>"; };
		AF684D90E17EA3F056137355 /* QualificationEditView.swift */ = {isa = PBXFileReference; lastKnownFileType = sourcecode.swift; path = QualificationEditView.swift; sourceTree = "<group>"; };
		B4E5B68AB6853B3F0D62E901 /* CountdownView.swift */ = {isa = PBXFileReference; lastKnownFileType = sourcecode.swift; path = CountdownView.swift; sourceTree = "<group>"; };
		B628A606FD1510EF531572FC /* MaterialEditView.swift */ = {isa = PBXFileReference; lastKnownFileType = sourcecode.swift; path = MaterialEditView.swift; sourceTree = "<group>"; };
		BBED70CE377E174313833FE0 /* ProgressBarView.swift */ = {isa = PBXFileReference; lastKnownFileType = sourcecode.swift; path = ProgressBarView.swift; sourceTree = "<group>"; };
		C2E198B1697CA6C1851B4BAC /* QualificationViewModel.swift */ = {isa = PBXFileReference; lastKnownFileType = sourcecode.swift; path = QualificationViewModel.swift; sourceTree = "<group>"; };
		C459C89EA7705BE5561E7FB8 /* TallyApp.swift */ = {isa = PBXFileReference; lastKnownFileType = sourcecode.swift; path = TallyApp.swift; sourceTree = "<group>"; };
		D3342FEB038008583E0E4503 /* MemoRowView.swift */ = {isa = PBXFileReference; lastKnownFileType = sourcecode.swift; path = MemoRowView.swift; sourceTree = "<group>"; };
		D3A110C2438C4CC68E2AE17B /* Assets.xcassets */ = {isa = PBXFileReference; lastKnownFileType = folder.assetcatalog; path = Assets.xcassets; sourceTree = "<group>"; };
		D4B34EE8801ED9010405A9A9 /* MemoEditView.swift */ = {isa = PBXFileReference; lastKnownFileType = sourcecode.swift; path = MemoEditView.swift; sourceTree = "<group>"; };
		F0AE7443F757F2794E5D48AB /* MemoImage.swift */ = {isa = PBXFileReference; lastKnownFileType = sourcecode.swift; path = MemoImage.swift; sourceTree = "<group>"; };
/* End PBXFileReference section */

/* Begin PBXGroup section */
		267E1A4838D4B1304941170C /* Memo */ = {
			isa = PBXGroup;
			children = (
				D4B34EE8801ED9010405A9A9 /* MemoEditView.swift */,
				1756A43501A45998F7207AC7 /* MemoListView.swift */,
				D3342FEB038008583E0E4503 /* MemoRowView.swift */,
			);
			path = Memo;
			sourceTree = "<group>";
		};
		3DCFB23FAB1E068BFC82D720 /* Components */ = {
			isa = PBXGroup;
			children = (
				B4E5B68AB6853B3F0D62E901 /* CountdownView.swift */,
				5404C4AD82109317F796EAA4 /* DailyQuotaView.swift */,
				BBED70CE377E174313833FE0 /* ProgressBarView.swift */,
				3A829042FFCB7527C152116C /* StreakView.swift */,
			);
			path = Components;
			sourceTree = "<group>";
		};
		4F8EC9F444C4FB48A05B004D /* Tally */ = {
			isa = PBXGroup;
			children = (
				1FBCC93C895D5DAAF35E7E33 /* Tally.entitlements */,
				9A2F72C39DB705F7BB237887 /* App */,
				3DCFB23FAB1E068BFC82D720 /* Components */,
				F08AE960B56D6B900010977D /* Models */,
				F373EF6FDBEA634FF00610C9 /* Resources */,
				AC7FA6A0A93D4EFD1F9CC499 /* Utilities */,
				A59C6F408A31D94F8F671553 /* ViewModels */,
				F0363684916D4FF2A1BC20AC /* Views */,
			);
			path = Tally;
			sourceTree = "<group>";
		};
		519AF95473A55A971C76D7FC = {
			isa = PBXGroup;
			children = (
				4F8EC9F444C4FB48A05B004D /* Tally */,
				C75C7E2A36C05412BA7D5036 /* Products */,
			);
			sourceTree = "<group>";
		};
		96B988B09DF99E76F47DC7F9 /* Material */ = {
			isa = PBXGroup;
			children = (
				B628A606FD1510EF531572FC /* MaterialEditView.swift */,
			);
			path = Material;
			sourceTree = "<group>";
		};
		9A2F72C39DB705F7BB237887 /* App */ = {
			isa = PBXGroup;
			children = (
				AD589A3568173F8E3F2453D2 /* ContentView.swift */,
				C459C89EA7705BE5561E7FB8 /* TallyApp.swift */,
			);
			path = App;
			sourceTree = "<group>";
		};
		9E9A2F775987CC22F862F9A2 /* Settings */ = {
			isa = PBXGroup;
			children = (
				AF684D90E17EA3F056137355 /* QualificationEditView.swift */,
				3CFE559433171D1AA03997B3 /* QualificationManagementView.swift */,
				0438430608549D75B2F651AE /* SettingsView.swift */,
			);
			path = Settings;
			sourceTree = "<group>";
		};
		A59C6F408A31D94F8F671553 /* ViewModels */ = {
			isa = PBXGroup;
			children = (
				8DF8182A8171176884646686 /* HomeViewModel.swift */,
				75C7B9C1D0C68186C501B898 /* MemoViewModel.swift */,
				C2E198B1697CA6C1851B4BAC /* QualificationViewModel.swift */,
			);
			path = ViewModels;
			sourceTree = "<group>";
		};
		AC7FA6A0A93D4EFD1F9CC499 /* Utilities */ = {
			isa = PBXGroup;
			children = (
			);
			path = Utilities;
			sourceTree = "<group>";
		};
		C75C7E2A36C05412BA7D5036 /* Products */ = {
			isa = PBXGroup;
			children = (
				4DCF1A5BC6FA366C4B658D35 /* Tally.app */,
			);
			name = Products;
			sourceTree = "<group>";
		};
		DC39752DA1AA31D3495721DE /* Home */ = {
			isa = PBXGroup;
			children = (
				18E6A0A0DB0ABD8695E63EE0 /* AddStudyLogView.swift */,
				3583FFE79F2443D2C3B68486 /* DailyStudyLogView.swift */,
				74401E97C62534DACB7AD673 /* HeatmapView.swift */,
				6342E892EBE5BEB778A07EE4 /* HomeView.swift */,
				3DE46420EF81B784117986E7 /* MaterialProgressView.swift */,
				67F4600D4FF64E6E233DF3E9 /* StudyCalendarView.swift */,
			);
			path = Home;
			sourceTree = "<group>";
		};
		F0363684916D4FF2A1BC20AC /* Views */ = {
			isa = PBXGroup;
			children = (
				A73FCE09AE18EE3B81AA586A /* MainTabView.swift */,
				DC39752DA1AA31D3495721DE /* Home */,
				96B988B09DF99E76F47DC7F9 /* Material */,
				267E1A4838D4B1304941170C /* Memo */,
				9E9A2F775987CC22F862F9A2 /* Settings */,
			);
			path = Views;
			sourceTree = "<group>";
		};
		F08AE960B56D6B900010977D /* Models */ = {
			isa = PBXGroup;
			children = (
				4405A9E7FF6C706CDD79E71B /* AppSettings.swift */,
				5092567AFDF3AB009FB81884 /* Material.swift */,
				10489C64EA1377EEC3D0833E /* Memo.swift */,
				F0AE7443F757F2794E5D48AB /* MemoImage.swift */,
				A151098FC7BEB07A05F3220F /* Qualification.swift */,
				40C52EBB3F0E81C12C1E8EC4 /* StudyLog.swift */,
			);
			path = Models;
			sourceTree = "<group>";
		};
		F373EF6FDBEA634FF00610C9 /* Resources */ = {
			isa = PBXGroup;
			children = (
				D3A110C2438C4CC68E2AE17B /* Assets.xcassets */,
			);
			path = Resources;
			sourceTree = "<group>";
		};
/* End PBXGroup section */

/* Begin PBXNativeTarget section */
		A9C692CEE4C99A9267A1F79D /* Tally */ = {
			isa = PBXNativeTarget;
			buildConfigurationList = 1CE06C52A241371D16CFAE3B /* Build configuration list for PBXNativeTarget "Tally" */;
			buildPhases = (
				CACE146F76E8632C4560C232 /* Sources */,
				94E81F7D0BB35613A931FAA0 /* Resources */,
			);
			buildRules = (
			);
			dependencies = (
			);
			name = Tally;
			packageProductDependencies = (
			);
			productName = Tally;
			productReference = 4DCF1A5BC6FA366C4B658D35 /* Tally.app */;
			productType = "com.apple.product-type.application";
		};
/* End PBXNativeTarget section */

/* Begin PBXProject section */
		A0B742B9D975DE83128F71C3 /* Project object */ = {
			isa = PBXProject;
			attributes = {
				BuildIndependentTargetsInParallel = YES;
				LastUpgradeCheck = 1640;
				TargetAttributes = {
					A9C692CEE4C99A9267A1F79D = {
						DevelopmentTeam = 6724KRX9W7;
						ProvisioningStyle = Automatic;
					};
				};
			};
			buildConfigurationList = 5C367879F862A4ED5849A1D0 /* Build configuration list for PBXProject "Tally" */;
			compatibilityVersion = "Xcode 14.0";
			developmentRegion = en;
			hasScannedForEncodings = 0;
			knownRegions = (
				Base,
				en,
			);
			mainGroup = 519AF95473A55A971C76D7FC;
			minimizedProjectReferenceProxies = 1;
			preferredProjectObjectVersion = 77;
			projectDirPath = "";
			projectRoot = "";
			targets = (
				A9C692CEE4C99A9267A1F79D /* Tally */,
			);
		};
/* End PBXProject section */

/* Begin PBXResourcesBuildPhase section */
		94E81F7D0BB35613A931FAA0 /* Resources */ = {
			isa = PBXResourcesBuildPhase;
			buildActionMask = 2147483647;
			files = (
				E116762372C91847185E6769 /* Assets.xcassets in Resources */,
			);
			runOnlyForDeploymentPostprocessing = 0;
		};
/* End PBXResourcesBuildPhase section */

/* Begin PBXSourcesBuildPhase section */
		CACE146F76E8632C4560C232 /* Sources */ = {
			isa = PBXSourcesBuildPhase;
			buildActionMask = 2147483647;
			files = (
				E45968EF030B04DBEF497749 /* AddStudyLogView.swift in Sources */,
				71C2C0EB5D75A04E827B8209 /* AppSettings.swift in Sources */,
				143E40582B3F9215A84AED5A /* ContentView.swift in Sources */,
				28359393DEC694909A8A10F6 /* CountdownView.swift in Sources */,
				2E26F41CA2B4FEFF32B279F0 /* DailyQuotaView.swift in Sources */,
				71FD1D84342EEBA6F0AA46CA /* DailyStudyLogView.swift in Sources */,
				3F477E336DC1213A26DCF05D /* HeatmapView.swift in Sources */,
				917D462F542D8E7FAA3F9473 /* HomeView.swift in Sources */,
				91B1FAC35423447823DC97F6 /* HomeViewModel.swift in Sources */,
				D7EE5F4D73DF8AC3CA326A7A /* MainTabView.swift in Sources */,
				A358EE891AA781FB68DF0B30 /* Material.swift in Sources */,
				495CB4C7E5E53D9F4441D5BA /* MaterialEditView.swift in Sources */,
				9A35300114C1EB8298E8D8FC /* MaterialProgressView.swift in Sources */,
				6C7FCF7589604BAB92582AB0 /* Memo.swift in Sources */,
				21917687CC2271DBDE7CD0C9 /* MemoEditView.swift in Sources */,
				22B5F54134767EE68B91C072 /* MemoImage.swift in Sources */,
				C93649C4AA10EBDCBEB1FC93 /* MemoListView.swift in Sources */,
				1A759ECDFA315409010C61B9 /* MemoRowView.swift in Sources */,
				D9B4DE43DBD4440F48632E65 /* MemoViewModel.swift in Sources */,
				01B77C6A6771E734CC4B09B0 /* ProgressBarView.swift in Sources */,
				79DF45EC2C35282C1F0F2C6E /* Qualification.swift in Sources */,
				B8F118CAF35FA8B7442A84B8 /* QualificationEditView.swift in Sources */,
				258C5355B5C52F2AFEE36A99 /* QualificationManagementView.swift in Sources */,
				F3F482C0B348B8EE683E9A9F /* QualificationViewModel.swift in Sources */,
				FF6C3E328548A7270D83C745 /* SettingsView.swift in Sources */,
				805F8E734965864110754965 /* StreakView.swift in Sources */,
				CD10B25C8A7B59023774C557 /* StudyCalendarView.swift in Sources */,
				B2A53A575B4701E74896A2B4 /* StudyLog.swift in Sources */,
				D2D47FE492168B5BD5332232 /* TallyApp.swift in Sources */,
			);
			runOnlyForDeploymentPostprocessing = 0;
		};
/* End PBXSourcesBuildPhase section */

/* Begin XCBuildConfiguration section */
		12101AA6E08B336BDA2AE4A0 /* Debug */ = {
			isa = XCBuildConfiguration;
			buildSettings = {
				ALWAYS_SEARCH_USER_PATHS = NO;
				CLANG_ANALYZER_NONNULL = YES;
				CLANG_ANALYZER_NUMBER_OBJECT_CONVERSION = YES_AGGRESSIVE;
				CLANG_CXX_LANGUAGE_STANDARD = "gnu++14";
				CLANG_CXX_LIBRARY = "libc++";
				CLANG_ENABLE_MODULES = YES;
				CLANG_ENABLE_OBJC_ARC = YES;
				CLANG_ENABLE_OBJC_WEAK = YES;
				CLANG_WARN_BLOCK_CAPTURE_AUTORELEASING = YES;
				CLANG_WARN_BOOL_CONVERSION = YES;
				CLANG_WARN_COMMA = YES;
				CLANG_WARN_CONSTANT_CONVERSION = YES;
				CLANG_WARN_DEPRECATED_OBJC_IMPLEMENTATIONS = YES;
				CLANG_WARN_DIRECT_OBJC_ISA_USAGE = YES_ERROR;
				CLANG_WARN_DOCUMENTATION_COMMENTS = YES;
				CLANG_WARN_EMPTY_BODY = YES;
				CLANG_WARN_ENUM_CONVERSION = YES;
				CLANG_WARN_INFINITE_RECURSION = YES;
				CLANG_WARN_INT_CONVERSION = YES;
				CLANG_WARN_NON_LITERAL_NULL_CONVERSION = YES;
				CLANG_WARN_OBJC_IMPLICIT_RETAIN_SELF = YES;
				CLANG_WARN_OBJC_LITERAL_CONVERSION = YES;
				CLANG_WARN_OBJC_ROOT_CLASS = YES_ERROR;
				CLANG_WARN_QUOTED_INCLUDE_IN_FRAMEWORK_HEADER = YES;
				CLANG_WARN_RANGE_LOOP_ANALYSIS = YES;
				CLANG_WARN_STRICT_PROTOTYPES = YES;
				CLANG_WARN_SUSPICIOUS_MOVE = YES;
				CLANG_WARN_UNGUARDED_AVAILABILITY = YES_AGGRESSIVE;
				CLANG_WARN_UNREACHABLE_CODE = YES;
				CLANG_WARN__DUPLICATE_METHOD_MATCH = YES;
				COPY_PHASE_STRIP = NO;
				DEBUG_INFORMATION_FORMAT = dwarf;
				ENABLE_STRICT_OBJC_MSGSEND = YES;
				ENABLE_TESTABILITY = YES;
				GCC_C_LANGUAGE_STANDARD = gnu11;
				GCC_DYNAMIC_NO_PIC = NO;
				GCC_NO_COMMON_BLOCKS = YES;
				GCC_OPTIMIZATION_LEVEL = 0;
				GCC_PREPROCESSOR_DEFINITIONS = (
					"$(inherited)",
					"DEBUG=1",
				);
				GCC_WARN_64_TO_32_BIT_CONVERSION = YES;
				GCC_WARN_ABOUT_RETURN_TYPE = YES_ERROR;
				GCC_WARN_UNDECLARED_SELECTOR = YES;
				GCC_WARN_UNINITIALIZED_AUTOS = YES_AGGRESSIVE;
				GCC_WARN_UNUSED_FUNCTION = YES;
				GCC_WARN_UNUSED_VARIABLE = YES;
				IPHONEOS_DEPLOYMENT_TARGET = 17.0;
				MTL_ENABLE_DEBUG_INFO = INCLUDE_SOURCE;
				MTL_FAST_MATH = YES;
				ONLY_ACTIVE_ARCH = YES;
				PRODUCT_NAME = "$(TARGET_NAME)";
				SDKROOT = iphoneos;
				SWIFT_ACTIVE_COMPILATION_CONDITIONS = DEBUG;
				SWIFT_OPTIMIZATION_LEVEL = "-Onone";
				SWIFT_VERSION = 5.0;
			};
			name = Debug;
		};
		41259AA067720A8B37E01F95 /* Release */ = {
			isa = XCBuildConfiguration;
			buildSettings = {
				ASSETCATALOG_COMPILER_APPICON_NAME = AppIcon;
				ASSETCATALOG_COMPILER_GLOBAL_ACCENT_COLOR_NAME = AccentColor;
				CODE_SIGN_ENTITLEMENTS = Tally/Tally.entitlements;
				CODE_SIGN_IDENTITY = "iPhone Developer";
				CODE_SIGN_STYLE = Automatic;
				CURRENT_PROJECT_VERSION = 1;
				DEAD_CODE_STRIPPING = YES;
				DEVELOPMENT_TEAM = 6724KRX9W7;
				ENABLE_USER_SCRIPT_SANDBOXING = YES;
				GENERATE_INFOPLIST_FILE = YES;
				INFOPLIST_KEY_UIApplicationSceneManifest_Generation = YES;
				INFOPLIST_KEY_UILaunchScreen_Generation = YES;
				INFOPLIST_KEY_UISupportedInterfaceOrientations_iPad = "UIInterfaceOrientationPortrait UIInterfaceOrientationPortraitUpsideDown UIInterfaceOrientationLandscapeLeft UIInterfaceOrientationLandscapeRight";
				INFOPLIST_KEY_UISupportedInterfaceOrientations_iPhone = UIInterfaceOrientationPortrait;
				LD_RUNPATH_SEARCH_PATHS = (
					"$(inherited)",
					"@executable_path/Frameworks",
				);
				MARKETING_VERSION = 2.0.0;
				PRODUCT_BUNDLE_IDENTIFIER = com.tally.Tally;
				SDKROOT = iphoneos;
				SWIFT_STRICT_CONCURRENCY = complete;
				SWIFT_VERSION = 6.0;
				TARGETED_DEVICE_FAMILY = "1,2";
			};
			name = Release;
		};
		73CE873162472AEEF0DA4AE8 /* Release */ = {
			isa = XCBuildConfiguration;
			buildSettings = {
				ALWAYS_SEARCH_USER_PATHS = NO;
				CLANG_ANALYZER_NONNULL = YES;
				CLANG_ANALYZER_NUMBER_OBJECT_CONVERSION = YES_AGGRESSIVE;
				CLANG_CXX_LANGUAGE_STANDARD = "gnu++14";
				CLANG_CXX_LIBRARY = "libc++";
				CLANG_ENABLE_MODULES = YES;
				CLANG_ENABLE_OBJC_ARC = YES;
				CLANG_ENABLE_OBJC_WEAK = YES;
				CLANG_WARN_BLOCK_CAPTURE_AUTORELEASING = YES;
				CLANG_WARN_BOOL_CONVERSION = YES;
				CLANG_WARN_COMMA = YES;
				CLANG_WARN_CONSTANT_CONVERSION = YES;
				CLANG_WARN_DEPRECATED_OBJC_IMPLEMENTATIONS = YES;
				CLANG_WARN_DIRECT_OBJC_ISA_USAGE = YES_ERROR;
				CLANG_WARN_DOCUMENTATION_COMMENTS = YES;
				CLANG_WARN_EMPTY_BODY = YES;
				CLANG_WARN_ENUM_CONVERSION = YES;
				CLANG_WARN_INFINITE_RECURSION = YES;
				CLANG_WARN_INT_CONVERSION = YES;
				CLANG_WARN_NON_LITERAL_NULL_CONVERSION = YES;
				CLANG_WARN_OBJC_IMPLICIT_RETAIN_SELF = YES;
				CLANG_WARN_OBJC_LITERAL_CONVERSION = YES;
				CLANG_WARN_OBJC_ROOT_CLASS = YES_ERROR;
				CLANG_WARN_QUOTED_INCLUDE_IN_FRAMEWORK_HEADER = YES;
				CLANG_WARN_RANGE_LOOP_ANALYSIS = YES;
				CLANG_WARN_STRICT_PROTOTYPES = YES;
				CLANG_WARN_SUSPICIOUS_MOVE = YES;
				CLANG_WARN_UNGUARDED_AVAILABILITY = YES_AGGRESSIVE;
				CLANG_WARN_UNREACHABLE_CODE = YES;
				CLANG_WARN__DUPLICATE_METHOD_MATCH = YES;
				COPY_PHASE_STRIP = NO;
				DEBUG_INFORMATION_FORMAT = "dwarf-with-dsym";
				ENABLE_NS_ASSERTIONS = NO;
				ENABLE_STRICT_OBJC_MSGSEND = YES;
				GCC_C_LANGUAGE_STANDARD = gnu11;
				GCC_NO_COMMON_BLOCKS = YES;
				GCC_WARN_64_TO_32_BIT_CONVERSION = YES;
				GCC_WARN_ABOUT_RETURN_TYPE = YES_ERROR;
				GCC_WARN_UNDECLARED_SELECTOR = YES;
				GCC_WARN_UNINITIALIZED_AUTOS = YES_AGGRESSIVE;
				GCC_WARN_UNUSED_FUNCTION = YES;
				GCC_WARN_UNUSED_VARIABLE = YES;
				IPHONEOS_DEPLOYMENT_TARGET = 17.0;
				MTL_ENABLE_DEBUG_INFO = NO;
				MTL_FAST_MATH = YES;
				PRODUCT_NAME = "$(TARGET_NAME)";
				SDKROOT = iphoneos;
				SWIFT_COMPILATION_MODE = wholemodule;
				SWIFT_OPTIMIZATION_LEVEL = "-O";
				SWIFT_VERSION = 5.0;
			};
			name = Release;
		};
		B9A9BFD63A5662C04782A0CD /* Debug */ = {
			isa = XCBuildConfiguration;
			buildSettings = {
				ASSETCATALOG_COMPILER_APPICON_NAME = AppIcon;
				ASSETCATALOG_COMPILER_GLOBAL_ACCENT_COLOR_NAME = AccentColor;
				CODE_SIGN_ENTITLEMENTS = Tally/Tally.entitlements;
				CODE_SIGN_IDENTITY = "iPhone Developer";
				CODE_SIGN_STYLE = Automatic;
				CURRENT_PROJECT_VERSION = 1;
				DEAD_CODE_STRIPPING = YES;
				DEVELOPMENT_TEAM = 6724KRX9W7;
				ENABLE_USER_SCRIPT_SANDBOXING = YES;
				GENERATE_INFOPLIST_FILE = YES;
				INFOPLIST_KEY_UIApplicationSceneManifest_Generation = YES;
				INFOPLIST_KEY_UILaunchScreen_Generation = YES;
				INFOPLIST_KEY_UISupportedInterfaceOrientations_iPad = "UIInterfaceOrientationPortrait UIInterfaceOrientationPortraitUpsideDown UIInterfaceOrientationLandscapeLeft UIInterfaceOrientationLandscapeRight";
				INFOPLIST_KEY_UISupportedInterfaceOrientations_iPhone = UIInterfaceOrientationPortrait;
				LD_RUNPATH_SEARCH_PATHS = (
					"$(inherited)",
					"@executable_path/Frameworks",
				);
				MARKETING_VERSION = 2.0.0;
				PRODUCT_BUNDLE_IDENTIFIER = com.tally.Tally;
				SDKROOT = iphoneos;
				SWIFT_STRICT_CONCURRENCY = complete;
				SWIFT_VERSION = 6.0;
				TARGETED_DEVICE_FAMILY = "1,2";
			};
			name = Debug;
		};
/* End XCBuildConfiguration section */

/* Begin XCConfigurationList section */
		1CE06C52A241371D16CFAE3B /* Build configuration list for PBXNativeTarget "Tally" */ = {
			isa = XCConfigurationList;
			buildConfigurations = (
				B9A9BFD63A5662C04782A0CD /* Debug */,
				41259AA067720A8B37E01F95 /* Release */,
			);
			defaultConfigurationIsVisible = 0;
			defaultConfigurationName = Debug;
		};
		5C367879F862A4ED5849A1D0 /* Build configuration list for PBXProject "Tally" */ = {
			isa = XCConfigurationList;
			buildConfigurations = (
				12101AA6E08B336BDA2AE4A0 /* Debug */,
				73CE873162472AEEF0DA4AE8 /* Release */,
			);
			defaultConfigurationIsVisible = 0;
			defaultConfigurationName = Debug;
		};
/* End XCConfigurationList section */
	};
	rootObject = A0B742B9D975DE83128F71C3 /* Project object */;
}
